
Microsoft Visual Studio Solution File, Format Version 12.00
# Visual Studio 2013
VisualStudioVersion = 12.0.21005.1
MinimumVisualStudioVersion = 10.0.40219.1
Project("{FAE04EC0-301F-11D3-BF4B-00C04F79EFBC}") = "FQLMay", "FQLMay\FQLMay.csproj", "{18F45AAE-6CB5-4B3B-A7BD-DE3EF6BAFC73}"
EndProject
Project("{FAE04EC0-301F-11D3-BF4B-00C04F79EFBC}") = "ThucThe", "ThucThe\ThucThe.csproj", "{15D6D746-BF09-4CAD-89D8-608076BC0B08}"
EndProject
Project("{FAE04EC0-301F-11D3-BF4B-00C04F79EFBC}") = "DieuKhien", "DieuKhien\DieuKhien.csproj", "{4C496A98-4ECE-470A-B3C8-334E6B763CF2}"
EndProject
Global
	GlobalSection(SolutionConfigurationPlatforms) = preSolution
		Debug|Any CPU = Debug|Any CPU
		Release|Any CPU = Release|Any CPU
	EndGlobalSection
	GlobalSection(ProjectConfigurationPlatforms) = postSolution
		{18F45AAE-6CB5-4B3B-A7BD-DE3EF6BAFC73}.Debug|Any CPU.ActiveCfg = Debug|Any CPU
		{18F45AAE-6CB5-4B3B-A7BD-DE3EF6BAFC73}.Debug|Any CPU.Build.0 = Debug|Any CPU
		{18F45AAE-6CB5-4B3B-A7BD-DE3EF6BAFC73}.Release|Any CPU.ActiveCfg = Release|Any CPU
		{18F45AAE-6CB5-4B3B-A7BD-DE3EF6BAFC73}.Release|Any CPU.Build.0 = Release|Any CPU
		{15D6D746-BF09-4CAD-89D8-608076BC0B08}.Debug|Any CPU.ActiveCfg = Debug|Any CPU
		{15D6D746-BF09-4CAD-89D8-608076BC0B08}.Debug|Any CPU.Build.0 = Debug|Any CPU
		{15D6D746-BF09-4CAD-89D8-608076BC0B08}.Release|Any CPU.ActiveCfg = Release|Any CPU
		{15D6D746-BF09-4CAD-89D8-608076BC0B08}.Release|Any CPU.Build.0 = Release|Any CPU
		{4C496A98-4ECE-470A-B3C8-334E6B763CF2}.Debug|Any CPU.ActiveCfg = Debug|Any CPU
		{4C496A98-4ECE-470A-B3C8-334E6B763CF2}.Debug|Any CPU.Build.0 = Debug|Any CPU
		{4C496A98-4ECE-470A-B3C8-334E6B763CF2}.Release|Any CPU.ActiveCfg = Release|Any CPU
		{4C496A98-4ECE-470A-B3C8-334E6B763CF2}.Release|Any CPU.Build.0 = Release|Any CPU
	EndGlobalSection
	GlobalSection(SolutionProperties) = preSolution
		HideSolutionNode = FALSE
	EndGlobalSection
EndGlobal
